
Microsoft Visual Studio Solution File, Format Version 12.00
# Visual Studio Version 16
VisualStudioVersion = 16.0.31727.386
MinimumVisualStudioVersion = 10.0.40219.1
Project("{FAE04EC0-301F-11D3-BF4B-00C04F79EFBC}") = "Tomoroga_Mioara_Lab8", "Tomoroga_Mioara_Lab8.csproj", "{CC5DD719-653F-4B39-8B61-601CEE5FA5D2}"
EndProject
Global
	GlobalSection(SolutionConfigurationPlatforms) = preSolution
		Debug|Any CPU = Debug|Any CPU
		Release|Any CPU = Release|Any CPU
	EndGlobalSection
	GlobalSection(ProjectConfigurationPlatforms) = postSolution
		{CC5DD719-653F-4B39-8B61-601CEE5FA5D2}.Debug|Any CPU.ActiveCfg = Debug|Any CPU
		{CC5DD719-653F-4B39-8B61-601CEE5FA5D2}.Debug|Any CPU.Build.0 = Debug|Any CPU
		{CC5DD719-653F-4B39-8B61-601CEE5FA5D2}.Release|Any CPU.ActiveCfg = Release|Any CPU
		{CC5DD719-653F-4B39-8B61-601CEE5FA5D2}.Release|Any CPU.Build.0 = Release|Any CPU
	EndGlobalSection
	GlobalSection(SolutionProperties) = preSolution
		HideSolutionNode = FALSE
	EndGlobalSection
	GlobalSection(ExtensibilityGlobals) = postSolution
		SolutionGuid = {9B068A68-7CE5-462C-8D79-E4B1C29BF01C}
	EndGlobalSection
EndGlobal
